{
    "version": 4,
    "terraform_version": "1.6.2",
    "serial": 68,
    "lineage": "ff293268-0268-cd1b-3597-4d7fa061b762",
    "outputs": {
      "ec2-ssh-command": {
        "value": "ssh -i local_private_key ec2-user@ec2-3-145-148-221.us-east-2.compute.amazonaws.com",
        "type": "string"
      },
      "jenkins-server-url": {
        "value": "http://ec2-3-145-148-221.us-east-2.compute.amazonaws.com:8080",
        "type": "string"
      }
    },
    "resources": [
      {
        "mode": "managed",
        "type": "aws_instance",
        "name": "ec2-with-terraform",
        "provider": "provider[\"registry.terraform.io/hashicorp/aws\"]",
        "instances": [
          {
            "schema_version": 1,
            "attributes": {
              "ami": "ami-0fa399d9c130ec923",
              "arn": "arn:aws:ec2:us-east-2:614435354877:instance/i-02786cc5d284741d0",
              "associate_public_ip_address": true,
              "availability_zone": "us-east-2b",
              "capacity_reservation_specification": [
                {
                  "capacity_reservation_preference": "open",
                  "capacity_reservation_target": []
                }
              ],
              "cpu_core_count": 1,
              "cpu_options": [
                {
                  "amd_sev_snp": "",
                  "core_count": 1,
                  "threads_per_core": 1
                }
              ],
              "cpu_threads_per_core": 1,
              "credit_specification": [
                {
                  "cpu_credits": "standard"
                }
              ],
              "disable_api_stop": false,
              "disable_api_termination": false,
              "ebs_block_device": [],
              "ebs_optimized": false,
              "enclave_options": [
                {
                  "enabled": false
                }
              ],
              "ephemeral_block_device": [],
              "get_password_data": false,
              "hibernation": false,
              "host_id": "",
              "host_resource_group_arn": null,
              "iam_instance_profile": "",
              "id": "i-02786cc5d284741d0",
              "instance_initiated_shutdown_behavior": "stop",
              "instance_lifecycle": "",
              "instance_market_options": [],
              "instance_state": "running",
              "instance_type": "t2.micro",
              "ipv6_address_count": 0,
              "ipv6_addresses": [],
              "key_name": "terraform-keypair",
              "launch_template": [],
              "maintenance_options": [
                {
                  "auto_recovery": "default"
                }
              ],
              "metadata_options": [
                {
                  "http_endpoint": "enabled",
                  "http_protocol_ipv6": "disabled",
                  "http_put_response_hop_limit": 2,
                  "http_tokens": "required",
                  "instance_metadata_tags": "disabled"
                }
              ],
              "monitoring": false,
              "network_interface": [],
              "outpost_arn": "",
              "password_data": "",
              "placement_group": "",
              "placement_partition_number": 0,
              "primary_network_interface_id": "eni-0bf905dcfce4b8296",
              "private_dns": "ip-172-31-18-79.us-east-2.compute.internal",
              "private_dns_name_options": [
                {
                  "enable_resource_name_dns_a_record": false,
                  "enable_resource_name_dns_aaaa_record": false,
                  "hostname_type": "ip-name"
                }
              ],
              "private_ip": "172.31.18.79",
              "public_dns": "ec2-3-145-148-221.us-east-2.compute.amazonaws.com",
              "public_ip": "3.145.148.221",
              "root_block_device": [
                {
                  "delete_on_termination": true,
                  "device_name": "/dev/xvda",
                  "encrypted": false,
                  "iops": 3000,
                  "kms_key_id": "",
                  "tags": {},
                  "throughput": 125,
                  "volume_id": "vol-0913bf8ae6ceb88be",
                  "volume_size": 8,
                  "volume_type": "gp3"
                }
              ],
              "secondary_private_ips": [],
              "security_groups": [
                "jenkins-sg"
              ],
              "source_dest_check": true,
              "spot_instance_request_id": "",
              "subnet_id": "subnet-0815527068eda16d8",
              "tags": {
                "Name": "Devops-Project1"
              },
              "tags_all": {
                "Name": "Devops-Project1"
              },
              "tenancy": "default",
              "timeouts": null,
              "user_data": "486498383699c86ec324a569e117535f3732a924",
              "user_data_base64": null,
              "user_data_replace_on_change": false,
              "volume_tags": null,
              "vpc_security_group_ids": [
                "sg-0c83309f45a3bcc2b"
              ]
            },
            "sensitive_attributes": [],
            "private": "eyJlMmJmYjczMC1lY2FhLTExZTYtOGY4OC0zNDM2M2JjN2M0YzAiOnsiY3JlYXRlIjo2MDAwMDAwMDAwMDAsImRlbGV0ZSI6MTIwMDAwMDAwMDAwMCwidXBkYXRlIjo2MDAwMDAwMDAwMDB9LCJzY2hlbWFfdmVyc2lvbiI6IjEifQ==",
            "dependencies": [
              "aws_security_group.jenkins-sg"
            ]
          }
        ]
      },
      {
        "mode": "managed",
        "type": "aws_s3_bucket",
        "name": "s3-bucket-for-Jenkins",
        "provider": "provider[\"registry.terraform.io/hashicorp/aws\"]",
        "instances": [
          {
            "schema_version": 0,
            "attributes": {
              "acceleration_status": "",
              "acl": null,
              "arn": "arn:aws:s3:::s3-bucket-jenkinserver-bhanuadmin",
              "bucket": "s3-bucket-jenkinserver-bhanuadmin",
              "bucket_domain_name": "s3-bucket-jenkinserver-bhanuadmin.s3.amazonaws.com",
              "bucket_prefix": "",
              "bucket_regional_domain_name": "s3-bucket-jenkinserver-bhanuadmin.s3.us-east-2.amazonaws.com",
              "cors_rule": [],
              "force_destroy": false,
              "grant": [
                {
                  "id": "7199c6b2ff55cc0b74ea733855d9c56c9107aba4f13e25148f94e7a00c41a902",
                  "permissions": [
                    "FULL_CONTROL"
                  ],
                  "type": "CanonicalUser",
                  "uri": ""
                }
              ],
              "hosted_zone_id": "Z2O1EMRO9K5GLX",
              "id": "s3-bucket-jenkinserver-bhanuadmin",
              "lifecycle_rule": [],
              "logging": [],
              "object_lock_configuration": [],
              "object_lock_enabled": false,
              "policy": "",
              "region": "us-east-2",
              "replication_configuration": [],
              "request_payer": "BucketOwner",
              "server_side_encryption_configuration": [
                {
                  "rule": [
                    {
                      "apply_server_side_encryption_by_default": [
                        {
                          "kms_master_key_id": "",
                          "sse_algorithm": "AES256"
                        }
                      ],
                      "bucket_key_enabled": false
                    }
                  ]
                }
              ],
              "tags": {
                "Name": "Jenkins-Server"
              },
              "tags_all": {
                "Name": "Jenkins-Server"
              },
              "timeouts": null,
              "versioning": [
                {
                  "enabled": false,
                  "mfa_delete": false
                }
              ],
              "website": [],
              "website_domain": null,
              "website_endpoint": null
            },
            "sensitive_attributes": [],
            "private": "eyJlMmJmYjczMC1lY2FhLTExZTYtOGY4OC0zNDM2M2JjN2M0YzAiOnsiY3JlYXRlIjoxMjAwMDAwMDAwMDAwLCJkZWxldGUiOjM2MDAwMDAwMDAwMDAsInJlYWQiOjEyMDAwMDAwMDAwMDAsInVwZGF0ZSI6MTIwMDAwMDAwMDAwMH19"
          }
        ]
      },
      {
        "mode": "managed",
        "type": "aws_s3_bucket_acl",
        "name": "s3_bucket_acl",
        "provider": "provider[\"registry.terraform.io/hashicorp/aws\"]",
        "instances": [
          {
            "schema_version": 0,
            "attributes": {
              "access_control_policy": [
                {
                  "grant": [
                    {
                      "grantee": [
                        {
                          "display_name": "",
                          "email_address": "",
                          "id": "7199c6b2ff55cc0b74ea733855d9c56c9107aba4f13e25148f94e7a00c41a902",
                          "type": "CanonicalUser",
                          "uri": ""
                        }
                      ],
                      "permission": "FULL_CONTROL"
                    }
                  ],
                  "owner": [
                    {
                      "display_name": "",
                      "id": "7199c6b2ff55cc0b74ea733855d9c56c9107aba4f13e25148f94e7a00c41a902"
                    }
                  ]
                }
              ],
              "acl": "private",
              "bucket": "s3-bucket-jenkinserver-bhanuadmin",
              "expected_bucket_owner": "",
              "id": "s3-bucket-jenkinserver-bhanuadmin,private"
            },
            "sensitive_attributes": [],
            "private": "bnVsbA==",
            "dependencies": [
              "aws_s3_bucket.s3-bucket-for-Jenkins",
              "aws_s3_bucket_ownership_controls.s3_bucket_acl_ownership"
            ]
          }
        ]
      },
      {
        "mode": "managed",
        "type": "aws_s3_bucket_ownership_controls",
        "name": "s3_bucket_acl_ownership",
        "provider": "provider[\"registry.terraform.io/hashicorp/aws\"]",
        "instances": [
          {
            "schema_version": 0,
            "attributes": {
              "bucket": "s3-bucket-jenkinserver-bhanuadmin",
              "id": "s3-bucket-jenkinserver-bhanuadmin",
              "rule": [
                {
                  "object_ownership": "ObjectWriter"
                }
              ]
            },
            "sensitive_attributes": [],
            "private": "bnVsbA==",
            "dependencies": [
              "aws_s3_bucket.s3-bucket-for-Jenkins"
            ]
          }
        ]
      },
      {
        "mode": "managed",
        "type": "aws_security_group",
        "name": "jenkins-sg",
        "provider": "provider[\"registry.terraform.io/hashicorp/aws\"]",
        "instances": [
          {
            "schema_version": 1,
            "attributes": {
              "arn": "arn:aws:ec2:us-east-2:614435354877:security-group/sg-0c83309f45a3bcc2b",
              "description": "Allow Port 22 and 8080",
              "egress": [
                {
                  "cidr_blocks": [
                    "0.0.0.0/0"
                  ],
                  "description": "",
                  "from_port": 0,
                  "ipv6_cidr_blocks": [],
                  "prefix_list_ids": [],
                  "protocol": "-1",
                  "security_groups": [],
                  "self": false,
                  "to_port": 0
                }
              ],
              "id": "sg-0c83309f45a3bcc2b",
              "ingress": [
                {
                  "cidr_blocks": [
                    "0.0.0.0/0"
                  ],
                  "description": "",
                  "from_port": 22,
                  "ipv6_cidr_blocks": [],
                  "prefix_list_ids": [],
                  "protocol": "tcp",
                  "security_groups": [],
                  "self": false,
                  "to_port": 22
                },
                {
                  "cidr_blocks": [
                    "0.0.0.0/0"
                  ],
                  "description": "",
                  "from_port": 443,
                  "ipv6_cidr_blocks": [],
                  "prefix_list_ids": [],
                  "protocol": "tcp",
                  "security_groups": [],
                  "self": false,
                  "to_port": 443
                },
                {
                  "cidr_blocks": [
                    "0.0.0.0/0"
                  ],
                  "description": "",
                  "from_port": 8080,
                  "ipv6_cidr_blocks": [],
                  "prefix_list_ids": [],
                  "protocol": "tcp",
                  "security_groups": [],
                  "self": false,
                  "to_port": 8080
                }
              ],
              "name": "jenkins-sg",
              "name_prefix": "",
              "owner_id": "614435354877",
              "revoke_rules_on_delete": false,
              "tags": null,
              "tags_all": {},
              "timeouts": null,
              "vpc_id": "vpc-0676f7671b39ba279"
            },
            "sensitive_attributes": [],
            "private": "eyJlMmJmYjczMC1lY2FhLTExZTYtOGY4OC0zNDM2M2JjN2M0YzAiOnsiY3JlYXRlIjo2MDAwMDAwMDAwMDAsImRlbGV0ZSI6OTAwMDAwMDAwMDAwfSwic2NoZW1hX3ZlcnNpb24iOiIxIn0="
          }
        ]
      }
    ],
    "check_results": null
  }